// !$*UTF8*$!
{
	archiveVersion = 1;
	classes = {
	};
	objectVersion = 46;
	objects = {

/* Begin PBXBuildFile section */
		8C498BD91D4D3B540009E4DB /* main.m in Sources */ = {isa = PBXBuildFile; fileRef = 8C498BD81D4D3B540009E4DB /* main.m */; };
		8C498BDC1D4D3B540009E4DB /* AppDelegate.m in Sources */ = {isa = PBXBuildFile; fileRef = 8C498BDB1D4D3B540009E4DB /* AppDelegate.m */; };
		8C498BDF1D4D3B540009E4DB /* ViewController.m in Sources */ = {isa = PBXBuildFile; fileRef = 8C498BDE1D4D3B540009E4DB /* ViewController.m */; };
		8C498BE21D4D3B540009E4DB /* Main.storyboard in Resources */ = {isa = PBXBuildFile; fileRef = 8C498BE01D4D3B540009E4DB /* Main.storyboard */; };
		8C498BE51D4D3B540009E4DB /* CoreDataTest.xcdatamodeld in Sources */ = {isa = PBXBuildFile; fileRef = 8C498BE31D4D3B540009E4DB /* CoreDataTest.xcdatamodeld */; };
		8C498BE71D4D3B540009E4DB /* Assets.xcassets in Resources */ = {isa = PBXBuildFile; fileRef = 8C498BE61D4D3B540009E4DB /* Assets.xcassets */; };
		8C498BEA1D4D3B540009E4DB /* LaunchScreen.storyboard in Resources */ = {isa = PBXBuildFile; fileRef = 8C498BE81D4D3B540009E4DB /* LaunchScreen.storyboard */; };
		8C498C181D4D3D8E0009E4DB /* jsonData.json in Resources */ = {isa = PBXBuildFile; fileRef = 8C498C171D4D3D8E0009E4DB /* jsonData.json */; };
		8C498C401D4D3E810009E4DB /* JSONModel.m in Sources */ = {isa = PBXBuildFile; fileRef = 8C498C291D4D3E810009E4DB /* JSONModel.m */; };
		8C498C411D4D3E810009E4DB /* JSONModelArray.m in Sources */ = {isa = PBXBuildFile; fileRef = 8C498C2B1D4D3E810009E4DB /* JSONModelArray.m */; };
		8C498C421D4D3E810009E4DB /* JSONModelClassProperty.m in Sources */ = {isa = PBXBuildFile; fileRef = 8C498C2D1D4D3E810009E4DB /* JSONModelClassProperty.m */; };
		8C498C431D4D3E810009E4DB /* JSONModelError.m in Sources */ = {isa = PBXBuildFile; fileRef = 8C498C2F1D4D3E810009E4DB /* JSONModelError.m */; };
		8C498C441D4D3E810009E4DB /* NSArray+JSONModel.m in Sources */ = {isa = PBXBuildFile; fileRef = 8C498C321D4D3E810009E4DB /* NSArray+JSONModel.m */; };
		8C498C451D4D3E810009E4DB /* JSONAPI.m in Sources */ = {isa = PBXBuildFile; fileRef = 8C498C361D4D3E810009E4DB /* JSONAPI.m */; };
		8C498C461D4D3E810009E4DB /* JSONHTTPClient.m in Sources */ = {isa = PBXBuildFile; fileRef = 8C498C381D4D3E810009E4DB /* JSONHTTPClient.m */; };
		8C498C471D4D3E810009E4DB /* JSONModel+networking.m in Sources */ = {isa = PBXBuildFile; fileRef = 8C498C3A1D4D3E810009E4DB /* JSONModel+networking.m */; };
		8C498C481D4D3E810009E4DB /* JSONKeyMapper.m in Sources */ = {isa = PBXBuildFile; fileRef = 8C498C3D1D4D3E810009E4DB /* JSONKeyMapper.m */; };
		8C498C491D4D3E810009E4DB /* JSONValueTransformer.m in Sources */ = {isa = PBXBuildFile; fileRef = 8C498C3F1D4D3E810009E4DB /* JSONValueTransformer.m */; };
		8C498C531D4D409D0009E4DB /* Consumption.m in Sources */ = {isa = PBXBuildFile; fileRef = 8C498C4C1D4D409D0009E4DB /* Consumption.m */; };
		8C498C541D4D409D0009E4DB /* Playinfo.m in Sources */ = {isa = PBXBuildFile; fileRef = 8C498C4E1D4D409D0009E4DB /* Playinfo.m */; };
		8C498C551D4D409D0009E4DB /* Provider.m in Sources */ = {isa = PBXBuildFile; fileRef = 8C498C501D4D409D0009E4DB /* Provider.m */; };
		8C498C561D4D409D0009E4DB /* VideoData.m in Sources */ = {isa = PBXBuildFile; fileRef = 8C498C521D4D409D0009E4DB /* VideoData.m */; };
		8C498C591D4D43FB0009E4DB /* Author.m in Sources */ = {isa = PBXBuildFile; fileRef = 8C498C581D4D43FB0009E4DB /* Author.m */; };
		8C498C9A1D4D459E0009E4DB /* MagicalImportFunctions.m in Sources */ = {isa = PBXBuildFile; fileRef = 8C498C5E1D4D459E0009E4DB /* MagicalImportFunctions.m */; };
		8C498C9B1D4D459E0009E4DB /* NSAttributeDescription+MagicalDataImport.m in Sources */ = {isa = PBXBuildFile; fileRef = 8C498C601D4D459E0009E4DB /* NSAttributeDescription+MagicalDataImport.m */; };
		8C498C9C1D4D459E0009E4DB /* NSEntityDescription+MagicalDataImport.m in Sources */ = {isa = PBXBuildFile; fileRef = 8C498C621D4D459E0009E4DB /* NSEntityDescription+MagicalDataImport.m */; };
		8C498C9D1D4D459E0009E4DB /* NSNumber+MagicalDataImport.m in Sources */ = {isa = PBXBuildFile; fileRef = 8C498C641D4D459E0009E4DB /* NSNumber+MagicalDataImport.m */; };
		8C498C9E1D4D459E0009E4DB /* NSObject+MagicalDataImport.m in Sources */ = {isa = PBXBuildFile; fileRef = 8C498C661D4D459E0009E4DB /* NSObject+MagicalDataImport.m */; };
		8C498C9F1D4D459E0009E4DB /* NSRelationshipDescription+MagicalDataImport.m in Sources */ = {isa = PBXBuildFile; fileRef = 8C498C681D4D459E0009E4DB /* NSRelationshipDescription+MagicalDataImport.m */; };
		8C498CA01D4D459E0009E4DB /* NSString+MagicalDataImport.m in Sources */ = {isa = PBXBuildFile; fileRef = 8C498C6A1D4D459E0009E4DB /* NSString+MagicalDataImport.m */; };
		8C498CA11D4D459E0009E4DB /* NSManagedObject+MagicalAggregation.m in Sources */ = {isa = PBXBuildFile; fileRef = 8C498C6D1D4D459E0009E4DB /* NSManagedObject+MagicalAggregation.m */; };
		8C498CA21D4D459E0009E4DB /* NSManagedObject+MagicalDataImport.m in Sources */ = {isa = PBXBuildFile; fileRef = 8C498C6F1D4D459E0009E4DB /* NSManagedObject+MagicalDataImport.m */; };
		8C498CA31D4D459E0009E4DB /* NSManagedObject+MagicalFinders.m in Sources */ = {isa = PBXBuildFile; fileRef = 8C498C711D4D459E0009E4DB /* NSManagedObject+MagicalFinders.m */; };
		8C498CA41D4D459E0009E4DB /* NSManagedObject+MagicalRecord.m in Sources */ = {isa = PBXBuildFile; fileRef = 8C498C731D4D459E0009E4DB /* NSManagedObject+MagicalRecord.m */; };
		8C498CA51D4D459E0009E4DB /* NSManagedObject+MagicalRequests.m in Sources */ = {isa = PBXBuildFile; fileRef = 8C498C751D4D459E0009E4DB /* NSManagedObject+MagicalRequests.m */; };
		8C498CA61D4D459E0009E4DB /* NSManagedObjectContext+MagicalChainSave.m in Sources */ = {isa = PBXBuildFile; fileRef = 8C498C781D4D459E0009E4DB /* NSManagedObjectContext+MagicalChainSave.m */; };
		8C498CA71D4D459E0009E4DB /* NSManagedObjectContext+MagicalObserving.m in Sources */ = {isa = PBXBuildFile; fileRef = 8C498C7A1D4D459E0009E4DB /* NSManagedObjectContext+MagicalObserving.m */; };
		8C498CA81D4D459E0009E4DB /* NSManagedObjectContext+MagicalRecord.m in Sources */ = {isa = PBXBuildFile; fileRef = 8C498C7C1D4D459E0009E4DB /* NSManagedObjectContext+MagicalRecord.m */; };
		8C498CA91D4D459E0009E4DB /* NSManagedObjectContext+MagicalSaves.m in Sources */ = {isa = PBXBuildFile; fileRef = 8C498C7E1D4D459E0009E4DB /* NSManagedObjectContext+MagicalSaves.m */; };
		8C498CAA1D4D459E0009E4DB /* NSManagedObjectContext+MagicalThreading.m in Sources */ = {isa = PBXBuildFile; fileRef = 8C498C801D4D459E0009E4DB /* NSManagedObjectContext+MagicalThreading.m */; };
		8C498CAB1D4D459E0009E4DB /* NSManagedObjectModel+MagicalRecord.m in Sources */ = {isa = PBXBuildFile; fileRef = 8C498C821D4D459E0009E4DB /* NSManagedObjectModel+MagicalRecord.m */; };
		8C498CAC1D4D459E0009E4DB /* NSPersistentStore+MagicalRecord.m in Sources */ = {isa = PBXBuildFile; fileRef = 8C498C841D4D459E0009E4DB /* NSPersistentStore+MagicalRecord.m */; };
		8C498CAD1D4D459E0009E4DB /* NSPersistentStoreCoordinator+MagicalRecord.m in Sources */ = {isa = PBXBuildFile; fileRef = 8C498C861D4D459E0009E4DB /* NSPersistentStoreCoordinator+MagicalRecord.m */; };
		8C498CAE1D4D459E0009E4DB /* MagicalRecord+Actions.m in Sources */ = {isa = PBXBuildFile; fileRef = 8C498C891D4D459E0009E4DB /* MagicalRecord+Actions.m */; };
		8C498CAF1D4D459E0009E4DB /* MagicalRecord+ErrorHandling.m in Sources */ = {isa = PBXBuildFile; fileRef = 8C498C8B1D4D459E0009E4DB /* MagicalRecord+ErrorHandling.m */; };
		8C498CB01D4D459E0009E4DB /* MagicalRecord+iCloud.m in Sources */ = {isa = PBXBuildFile; fileRef = 8C498C8D1D4D459E0009E4DB /* MagicalRecord+iCloud.m */; };
		8C498CB11D4D459E0009E4DB /* MagicalRecord+Options.m in Sources */ = {isa = PBXBuildFile; fileRef = 8C498C8F1D4D459E0009E4DB /* MagicalRecord+Options.m */; };
		8C498CB21D4D459E0009E4DB /* MagicalRecord+Setup.m in Sources */ = {isa = PBXBuildFile; fileRef = 8C498C911D4D459E0009E4DB /* MagicalRecord+Setup.m */; };
		8C498CB31D4D459E0009E4DB /* MagicalRecord+ShorthandMethods.m in Sources */ = {isa = PBXBuildFile; fileRef = 8C498C931D4D459E0009E4DB /* MagicalRecord+ShorthandMethods.m */; };
		8C498CB41D4D459E0009E4DB /* MagicalRecordInternal.m in Sources */ = {isa = PBXBuildFile; fileRef = 8C498C961D4D459E0009E4DB /* MagicalRecordInternal.m */; };
		8C498CB91D4D4A110009E4DB /* PlayInfoEntity+CoreDataProperties.m in Sources */ = {isa = PBXBuildFile; fileRef = 8C498CB61D4D4A110009E4DB /* PlayInfoEntity+CoreDataProperties.m */; };
		8C498CBA1D4D4A110009E4DB /* PlayInfoEntity.m in Sources */ = {isa = PBXBuildFile; fileRef = 8C498CB81D4D4A110009E4DB /* PlayInfoEntity.m */; };
/* End PBXBuildFile section */

/* Begin PBXFileReference section */
		8C498BD41D4D3B540009E4DB /* CoreDataTest.app */ = {isa = PBXFileReference; explicitFileType = wrapper.application; includeInIndex = 0; path = CoreDataTest.app; sourceTree = BUILT_PRODUCTS_DIR; };
		8C498BD81D4D3B540009E4DB /* main.m */ = {isa = PBXFileReference; lastKnownFileType = sourcecode.c.objc; path = main.m; sourceTree = "<group>"; };
		8C498BDA1D4D3B540009E4DB /* AppDelegate.h */ = {isa = PBXFileReference; lastKnownFileType = sourcecode.c.h; path = AppDelegate.h; sourceTree = "<group>"; };
		8C498BDB1D4D3B540009E4DB /* AppDelegate.m */ = {isa = PBXFileReference; lastKnownFileType = sourcecode.c.objc; path = AppDelegate.m; sourceTree = "<group>"; };
		8C498BDD1D4D3B540009E4DB /* ViewController.h */ = {isa = PBXFileReference; lastKnownFileType = sourcecode.c.h; path = ViewController.h; sourceTree = "<group>"; };
		8C498BDE1D4D3B540009E4DB /* ViewController.m */ = {isa = PBXFileReference; lastKnownFileType = sourcecode.c.objc; path = ViewController.m; sourceTree = "<group>"; };
		8C498BE11D4D3B540009E4DB /* Base */ = {isa = PBXFileReference; lastKnownFileType = file.storyboard; name = Base; path = Base.lproj/Main.storyboard; sourceTree = "<group>"; };
		8C498BE41D4D3B540009E4DB /* CoreDataTest.xcdatamodel */ = {isa = PBXFileReference; lastKnownFileType = wrapper.xcdatamodel; path = CoreDataTest.xcdatamodel; sourceTree = "<group>"; };
		8C498BE61D4D3B540009E4DB /* Assets.xcassets */ = {isa = PBXFileReference; lastKnownFileType = folder.assetcatalog; path = Assets.xcassets; sourceTree = "<group>"; };
		8C498BE91D4D3B540009E4DB /* Base */ = {isa = PBXFileReference; lastKnownFileType = file.storyboard; name = Base; path = Base.lproj/LaunchScreen.storyboard; sourceTree = "<group>"; };
		8C498BEB1D4D3B540009E4DB /* Info.plist */ = {isa = PBXFileReference; lastKnownFileType = text.plist.xml; path = Info.plist; sourceTree = "<group>"; };
		8C498C171D4D3D8E0009E4DB /* jsonData.json */ = {isa = PBXFileReference; fileEncoding = 4; lastKnownFileType = text.json; path = jsonData.json; sourceTree = "<group>"; };
		8C498C281D4D3E810009E4DB /* JSONModel.h */ = {isa = PBXFileReference; fileEncoding = 4; lastKnownFileType = sourcecode.c.h; path = JSONModel.h; sourceTree = "<group>"; };
		8C498C291D4D3E810009E4DB /* JSONModel.m */ = {isa = PBXFileReference; fileEncoding = 4; lastKnownFileType = sourcecode.c.objc; path = JSONModel.m; sourceTree = "<group>"; };
		8C498C2A1D4D3E810009E4DB /* JSONModelArray.h */ = {isa = PBXFileReference; fileEncoding = 4; lastKnownFileType = sourcecode.c.h; path = JSONModelArray.h; sourceTree = "<group>"; };
		8C498C2B1D4D3E810009E4DB /* JSONModelArray.m */ = {isa = PBXFileReference; fileEncoding = 4; lastKnownFileType = sourcecode.c.objc; path = JSONModelArray.m; sourceTree = "<group>"; };
		8C498C2C1D4D3E810009E4DB /* JSONModelClassProperty.h */ = {isa = PBXFileReference; fileEncoding = 4; lastKnownFileType = sourcecode.c.h; path = JSONModelClassProperty.h; sourceTree = "<group>"; };
		8C498C2D1D4D3E810009E4DB /* JSONModelClassProperty.m */ = {isa = PBXFileReference; fileEncoding = 4; lastKnownFileType = sourcecode.c.objc; path = JSONModelClassProperty.m; sourceTree = "<group>"; };
		8C498C2E1D4D3E810009E4DB /* JSONModelError.h */ = {isa = PBXFileReference; fileEncoding = 4; lastKnownFileType = sourcecode.c.h; path = JSONModelError.h; sourceTree = "<group>"; };
		8C498C2F1D4D3E810009E4DB /* JSONModelError.m */ = {isa = PBXFileReference; fileEncoding = 4; lastKnownFileType = sourcecode.c.objc; path = JSONModelError.m; sourceTree = "<group>"; };
		8C498C311D4D3E810009E4DB /* NSArray+JSONModel.h */ = {isa = PBXFileReference; fileEncoding = 4; lastKnownFileType = sourcecode.c.h; path = "NSArray+JSONModel.h"; sourceTree = "<group>"; };
		8C498C321D4D3E810009E4DB /* NSArray+JSONModel.m */ = {isa = PBXFileReference; fileEncoding = 4; lastKnownFileType = sourcecode.c.objc; path = "NSArray+JSONModel.m"; sourceTree = "<group>"; };
		8C498C331D4D3E810009E4DB /* JSONModelLib.h */ = {isa = PBXFileReference; fileEncoding = 4; lastKnownFileType = sourcecode.c.h; path = JSONModelLib.h; sourceTree = "<group>"; };
		8C498C351D4D3E810009E4DB /* JSONAPI.h */ = {isa = PBXFileReference; fileEncoding = 4; lastKnownFileType = sourcecode.c.h; path = JSONAPI.h; sourceTree = "<group>"; };
		8C498C361D4D3E810009E4DB /* JSONAPI.m */ = {isa = PBXFileReference; fileEncoding = 4; lastKnownFileType = sourcecode.c.objc; path = JSONAPI.m; sourceTree = "<group>"; };
		8C498C371D4D3E810009E4DB /* JSONHTTPClient.h */ = {isa = PBXFileReference; fileEncoding = 4; lastKnownFileType = sourcecode.c.h; path = JSONHTTPClient.h; sourceTree = "<group>"; };
		8C498C381D4D3E810009E4DB /* JSONHTTPClient.m */ = {isa = PBXFileReference; fileEncoding = 4; lastKnownFileType = sourcecode.c.objc; path = JSONHTTPClient.m; sourceTree = "<group>"; };
		8C498C391D4D3E810009E4DB /* JSONModel+networking.h */ = {isa = PBXFileReference; fileEncoding = 4; lastKnownFileType = sourcecode.c.h; path = "JSONModel+networking.h"; sourceTree = "<group>"; };
		8C498C3A1D4D3E810009E4DB /* JSONModel+networking.m */ = {isa = PBXFileReference; fileEncoding = 4; lastKnownFileType = sourcecode.c.objc; path = "JSONModel+networking.m"; sourceTree = "<group>"; };
		8C498C3C1D4D3E810009E4DB /* JSONKeyMapper.h */ = {isa = PBXFileReference; fileEncoding = 4; lastKnownFileType = sourcecode.c.h; path = JSONKeyMapper.h; sourceTree = "<group>"; };
		8C498C3D1D4D3E810009E4DB /* JSONKeyMapper.m */ = {isa = PBXFileReference; fileEncoding = 4; lastKnownFileType = sourcecode.c.objc; path = JSONKeyMapper.m; sourceTree = "<group>"; };
		8C498C3E1D4D3E810009E4DB /* JSONValueTransformer.h */ = {isa = PBXFileReference; fileEncoding = 4; lastKnownFileType = sourcecode.c.h; path = JSONValueTransformer.h; sourceTree = "<group>"; };
		8C498C3F1D4D3E810009E4DB /* JSONValueTransformer.m */ = {isa = PBXFileReference; fileEncoding = 4; lastKnownFileType = sourcecode.c.objc; path = JSONValueTransformer.m; sourceTree = "<group>"; };
		8C498C4B1D4D409D0009E4DB /* Consumption.h */ = {isa = PBXFileReference; fileEncoding = 4; lastKnownFileType = sourcecode.c.h; path = Consumption.h; sourceTree = "<group>"; };
		8C498C4C1D4D409D0009E4DB /* Consumption.m */ = {isa = PBXFileReference; fileEncoding = 4; lastKnownFileType = sourcecode.c.objc; path = Consumption.m; sourceTree = "<group>"; };
		8C498C4D1D4D409D0009E4DB /* Playinfo.h */ = {isa = PBXFileReference; fileEncoding = 4; lastKnownFileType = sourcecode.c.h; path = Playinfo.h; sourceTree = "<group>"; };
		8C498C4E1D4D409D0009E4DB /* Playinfo.m */ = {isa = PBXFileReference; fileEncoding = 4; lastKnownFileType = sourcecode.c.objc; path = Playinfo.m; sourceTree = "<group>"; };
		8C498C4F1D4D409D0009E4DB /* Provider.h */ = {isa = PBXFileReference; fileEncoding = 4; lastKnownFileType = sourcecode.c.h; path = Provider.h; sourceTree = "<group>"; };
		8C498C501D4D409D0009E4DB /* Provider.m */ = {isa = PBXFileReference; fileEncoding = 4; lastKnownFileType = sourcecode.c.objc; path = Provider.m; sourceTree = "<group>"; };
		8C498C511D4D409D0009E4DB /* VideoData.h */ = {isa = PBXFileReference; fileEncoding = 4; lastKnownFileType = sourcecode.c.h; path = VideoData.h; sourceTree = "<group>"; };
		8C498C521D4D409D0009E4DB /* VideoData.m */ = {isa = PBXFileReference; fileEncoding = 4; lastKnownFileType = sourcecode.c.objc; path = VideoData.m; sourceTree = "<group>"; };
		8C498C571D4D43FB0009E4DB /* Author.h */ = {isa = PBXFileReference; fileEncoding = 4; lastKnownFileType = sourcecode.c.h; path = Author.h; sourceTree = "<group>"; };
		8C498C581D4D43FB0009E4DB /* Author.m */ = {isa = PBXFileReference; fileEncoding = 4; lastKnownFileType = sourcecode.c.objc; path = Author.m; sourceTree = "<group>"; };
		8C498C5D1D4D459E0009E4DB /* MagicalImportFunctions.h */ = {isa = PBXFileReference; fileEncoding = 4; lastKnownFileType = sourcecode.c.h; path = MagicalImportFunctions.h; sourceTree = "<group>"; };
		8C498C5E1D4D459E0009E4DB /* MagicalImportFunctions.m */ = {isa = PBXFileReference; fileEncoding = 4; lastKnownFileType = sourcecode.c.objc; path = MagicalImportFunctions.m; sourceTree = "<group>"; };
		8C498C5F1D4D459E0009E4DB /* NSAttributeDescription+MagicalDataImport.h */ = {isa = PBXFileReference; fileEncoding = 4; lastKnownFileType = sourcecode.c.h; path = "NSAttributeDescription+MagicalDataImport.h"; sourceTree = "<group>"; };
		8C498C601D4D459E0009E4DB /* NSAttributeDescription+MagicalDataImport.m */ = {isa = PBXFileReference; fileEncoding = 4; lastKnownFileType = sourcecode.c.objc; path = "NSAttributeDescription+MagicalDataImport.m"; sourceTree = "<group>"; };
		8C498C611D4D459E0009E4DB /* NSEntityDescription+MagicalDataImport.h */ = {isa = PBXFileReference; fileEncoding = 4; lastKnownFileType = sourcecode.c.h; path = "NSEntityDescription+MagicalDataImport.h"; sourceTree = "<group>"; };
		8C498C621D4D459E0009E4DB /* NSEntityDescription+MagicalDataImport.m */ = {isa = PBXFileReference; fileEncoding = 4; lastKnownFileType = sourcecode.c.objc; path = "NSEntityDescription+MagicalDataImport.m"; sourceTree = "<group>"; };
		8C498C631D4D459E0009E4DB /* NSNumber+MagicalDataImport.h */ = {isa = PBXFileReference; fileEncoding = 4; lastKnownFileType = sourcecode.c.h; path = "NSNumber+MagicalDataImport.h"; sourceTree = "<group>"; };
		8C498C641D4D459E0009E4DB /* NSNumber+MagicalDataImport.m */ = {isa = PBXFileReference; fileEncoding = 4; lastKnownFileType = sourcecode.c.objc; path = "NSNumber+MagicalDataImport.m"; sourceTree = "<group>"; };
		8C498C651D4D459E0009E4DB /* NSObject+MagicalDataImport.h */ = {isa = PBXFileReference; fileEncoding = 4; lastKnownFileType = sourcecode.c.h; path = "NSObject+MagicalDataImport.h"; sourceTree = "<group>"; };
		8C498C661D4D459E0009E4DB /* NSObject+MagicalDataImport.m */ = {isa = PBXFileReference; fileEncoding = 4; lastKnownFileType = sourcecode.c.objc; path = "NSObject+MagicalDataImport.m"; sourceTree = "<group>"; };
		8C498C671D4D459E0009E4DB /* NSRelationshipDescription+MagicalDataImport.h */ = {isa = PBXFileReference; fileEncoding = 4; lastKnownFileType = sourcecode.c.h; path = "NSRelationshipDescription+MagicalDataImport.h"; sourceTree = "<group>"; };
		8C498C681D4D459E0009E4DB /* NSRelationshipDescription+MagicalDataImport.m */ = {isa = PBXFileReference; fileEncoding = 4; lastKnownFileType = sourcecode.c.objc; path = "NSRelationshipDescription+MagicalDataImport.m"; sourceTree = "<group>"; };
		8C498C691D4D459E0009E4DB /* NSString+MagicalDataImport.h */ = {isa = PBXFileReference; fileEncoding = 4; lastKnownFileType = sourcecode.c.h; path = "NSString+MagicalDataImport.h"; sourceTree = "<group>"; };
		8C498C6A1D4D459E0009E4DB /* NSString+MagicalDataImport.m */ = {isa = PBXFileReference; fileEncoding = 4; lastKnownFileType = sourcecode.c.objc; path = "NSString+MagicalDataImport.m"; sourceTree = "<group>"; };
		8C498C6C1D4D459E0009E4DB /* NSManagedObject+MagicalAggregation.h */ = {isa = PBXFileReference; fileEncoding = 4; lastKnownFileType = sourcecode.c.h; path = "NSManagedObject+MagicalAggregation.h"; sourceTree = "<group>"; };
		8C498C6D1D4D459E0009E4DB /* NSManagedObject+MagicalAggregation.m */ = {isa = PBXFileReference; fileEncoding = 4; lastKnownFileType = sourcecode.c.objc; path = "NSManagedObject+MagicalAggregation.m"; sourceTree = "<group>"; };
		8C498C6E1D4D459E0009E4DB /* NSManagedObject+MagicalDataImport.h */ = {isa = PBXFileReference; fileEncoding = 4; lastKnownFileType = sourcecode.c.h; path = "NSManagedObject+MagicalDataImport.h"; sourceTree = "<group>"; };
		8C498C6F1D4D459E0009E4DB /* NSManagedObject+MagicalDataImport.m */ = {isa = PBXFileReference; fileEncoding = 4; lastKnownFileType = sourcecode.c.objc; path = "NSManagedObject+MagicalDataImport.m"; sourceTree = "<group>"; };
		8C498C701D4D459E0009E4DB /* NSManagedObject+MagicalFinders.h */ = {isa = PBXFileReference; fileEncoding = 4; lastKnownFileType = sourcecode.c.h; path = "NSManagedObject+MagicalFinders.h"; sourceTree = "<group>"; };
		8C498C711D4D459E0009E4DB /* NSManagedObject+MagicalFinders.m */ = {isa = PBXFileReference; fileEncoding = 4; lastKnownFileType = sourcecode.c.objc; path = "NSManagedObject+MagicalFinders.m"; sourceTree = "<group>"; };
		8C498C721D4D459E0009E4DB /* NSManagedObject+MagicalRecord.h */ = {isa = PBXFileReference; fileEncoding = 4; lastKnownFileType = sourcecode.c.h; path = "NSManagedObject+MagicalRecord.h"; sourceTree = "<group>"; };
		8C498C731D4D459E0009E4DB /* NSManagedObject+MagicalRecord.m */ = {isa = PBXFileReference; fileEncoding = 4; lastKnownFileType = sourcecode.c.objc; path = "NSManagedObject+MagicalRecord.m"; sourceTree = "<group>"; };
		8C498C741D4D459E0009E4DB /* NSManagedObject+MagicalRequests.h */ = {isa = PBXFileReference; fileEncoding = 4; lastKnownFileType = sourcecode.c.h; path = "NSManagedObject+MagicalRequests.h"; sourceTree = "<group>"; };
		8C498C751D4D459E0009E4DB /* NSManagedObject+MagicalRequests.m */ = {isa = PBXFileReference; fileEncoding = 4; lastKnownFileType = sourcecode.c.objc; path = "NSManagedObject+MagicalRequests.m"; sourceTree = "<group>"; };
		8C498C771D4D459E0009E4DB /* NSManagedObjectContext+MagicalChainSave.h */ = {isa = PBXFileReference; fileEncoding = 4; lastKnownFileType = sourcecode.c.h; path = "NSManagedObjectContext+MagicalChainSave.h"; sourceTree = "<group>"; };
		8C498C781D4D459E0009E4DB /* NSManagedObjectContext+MagicalChainSave.m */ = {isa = PBXFileReference; fileEncoding = 4; lastKnownFileType = sourcecode.c.objc; path = "NSManagedObjectContext+MagicalChainSave.m"; sourceTree = "<group>"; };
		8C498C791D4D459E0009E4DB /* NSManagedObjectContext+MagicalObserving.h */ = {isa = PBXFileReference; fileEncoding = 4; lastKnownFileType = sourcecode.c.h; path = "NSManagedObjectContext+MagicalObserving.h"; sourceTree = "<group>"; };
		8C498C7A1D4D459E0009E4DB /* NSManagedObjectContext+MagicalObserving.m */ = {isa = PBXFileReference; fileEncoding = 4; lastKnownFileType = sourcecode.c.objc; path = "NSManagedObjectContext+MagicalObserving.m"; sourceTree = "<group>"; };
		8C498C7B1D4D459E0009E4DB /* NSManagedObjectContext+MagicalRecord.h */ = {isa = PBXFileReference; fileEncoding = 4; lastKnownFileType = sourcecode.c.h; path = "NSManagedObjectContext+MagicalRecord.h"; sourceTree = "<group>"; };
		8C498C7C1D4D459E0009E4DB /* NSManagedObjectContext+MagicalRecord.m */ = {isa = PBXFileReference; fileEncoding = 4; lastKnownFileType = sourcecode.c.objc; path = "NSManagedObjectContext+MagicalRecord.m"; sourceTree = "<group>"; };
		8C498C7D1D4D459E0009E4DB /* NSManagedObjectContext+MagicalSaves.h */ = {isa = PBXFileReference; fileEncoding = 4; lastKnownFileType = sourcecode.c.h; path = "NSManagedObjectContext+MagicalSaves.h"; sourceTree = "<group>"; };
		8C498C7E1D4D459E0009E4DB /* NSManagedObjectContext+MagicalSaves.m */ = {isa = PBXFileReference; fileEncoding = 4; lastKnownFileType = sourcecode.c.objc; path = "NSManagedObjectContext+MagicalSaves.m"; sourceTree = "<group>"; };
		8C498C7F1D4D459E0009E4DB /* NSManagedObjectContext+MagicalThreading.h */ = {isa = PBXFileReference; fileEncoding = 4; lastKnownFileType = sourcecode.c.h; path = "NSManagedObjectContext+MagicalThreading.h"; sourceTree = "<group>"; };
		8C498C801D4D459E0009E4DB /* NSManagedObjectContext+MagicalThreading.m */ = {isa = PBXFileReference; fileEncoding = 4; lastKnownFileType = sourcecode.c.objc; path = "NSManagedObjectContext+MagicalThreading.m"; sourceTree = "<group>"; };
		8C498C811D4D459E0009E4DB /* NSManagedObjectModel+MagicalRecord.h */ = {isa = PBXFileReference; fileEncoding = 4; lastKnownFileType = sourcecode.c.h; path = "NSManagedObjectModel+MagicalRecord.h"; sourceTree = "<group>"; };
		8C498C821D4D459E0009E4DB /* NSManagedObjectModel+MagicalRecord.m */ = {isa = PBXFileReference; fileEncoding = 4; lastKnownFileType = sourcecode.c.objc; path = "NSManagedObjectModel+MagicalRecord.m"; sourceTree = "<group>"; };
		8C498C831D4D459E0009E4DB /* NSPersistentStore+MagicalRecord.h */ = {isa = PBXFileReference; fileEncoding = 4; lastKnownFileType = sourcecode.c.h; path = "NSPersistentStore+MagicalRecord.h"; sourceTree = "<group>"; };
		8C498C841D4D459E0009E4DB /* NSPersistentStore+MagicalRecord.m */ = {isa = PBXFileReference; fileEncoding = 4; lastKnownFileType = sourcecode.c.objc; path = "NSPersistentStore+MagicalRecord.m"; sourceTree = "<group>"; };
		8C498C851D4D459E0009E4DB /* NSPersistentStoreCoordinator+MagicalRecord.h */ = {isa = PBXFileReference; fileEncoding = 4; lastKnownFileType = sourcecode.c.h; path = "NSPersistentStoreCoordinator+MagicalRecord.h"; sourceTree = "<group>"; };
		8C498C861D4D459E0009E4DB /* NSPersistentStoreCoordinator+MagicalRecord.m */ = {isa = PBXFileReference; fileEncoding = 4; lastKnownFileType = sourcecode.c.objc; path = "NSPersistentStoreCoordinator+MagicalRecord.m"; sourceTree = "<group>"; };
		8C498C881D4D459E0009E4DB /* MagicalRecord+Actions.h */ = {isa = PBXFileReference; fileEncoding = 4; lastKnownFileType = sourcecode.c.h; path = "MagicalRecord+Actions.h"; sourceTree = "<group>"; };
		8C498C891D4D459E0009E4DB /* MagicalRecord+Actions.m */ = {isa = PBXFileReference; fileEncoding = 4; lastKnownFileType = sourcecode.c.objc; path = "MagicalRecord+Actions.m"; sourceTree = "<group>"; };
		8C498C8A1D4D459E0009E4DB /* MagicalRecord+ErrorHandling.h */ = {isa = PBXFileReference; fileEncoding = 4; lastKnownFileType = sourcecode.c.h; path = "MagicalRecord+ErrorHandling.h"; sourceTree = "<group>"; };
		8C498C8B1D4D459E0009E4DB /* MagicalRecord+ErrorHandling.m */ = {isa = PBXFileReference; fileEncoding = 4; lastKnownFileType = sourcecode.c.objc; path = "MagicalRecord+ErrorHandling.m"; sourceTree = "<group>"; };
		8C498C8C1D4D459E0009E4DB /* MagicalRecord+iCloud.h */ = {isa = PBXFileReference; fileEncoding = 4; lastKnownFileType = sourcecode.c.h; path = "MagicalRecord+iCloud.h"; sourceTree = "<group>"; };
		8C498C8D1D4D459E0009E4DB /* MagicalRecord+iCloud.m */ = {isa = PBXFileReference; fileEncoding = 4; lastKnownFileType = sourcecode.c.objc; path = "MagicalRecord+iCloud.m"; sourceTree = "<group>"; };
		8C498C8E1D4D459E0009E4DB /* MagicalRecord+Options.h */ = {isa = PBXFileReference; fileEncoding = 4; lastKnownFileType = sourcecode.c.h; path = "MagicalRecord+Options.h"; sourceTree = "<group>"; };
		8C498C8F1D4D459E0009E4DB /* MagicalRecord+Options.m */ = {isa = PBXFileReference; fileEncoding = 4; lastKnownFileType = sourcecode.c.objc; path = "MagicalRecord+Options.m"; sourceTree = "<group>"; };
		8C498C901D4D459E0009E4DB /* MagicalRecord+Setup.h */ = {isa = PBXFileReference; fileEncoding = 4; lastKnownFileType = sourcecode.c.h; path = "MagicalRecord+Setup.h"; sourceTree = "<group>"; };
		8C498C911D4D459E0009E4DB /* MagicalRecord+Setup.m */ = {isa = PBXFileReference; fileEncoding = 4; lastKnownFileType = sourcecode.c.objc; path = "MagicalRecord+Setup.m"; sourceTree = "<group>"; };
		8C498C921D4D459E0009E4DB /* MagicalRecord+ShorthandMethods.h */ = {isa = PBXFileReference; fileEncoding = 4; lastKnownFileType = sourcecode.c.h; path = "MagicalRecord+ShorthandMethods.h"; sourceTree = "<group>"; };
		8C498C931D4D459E0009E4DB /* MagicalRecord+ShorthandMethods.m */ = {isa = PBXFileReference; fileEncoding = 4; lastKnownFileType = sourcecode.c.objc; path = "MagicalRecord+ShorthandMethods.m"; sourceTree = "<group>"; };
		8C498C941D4D459E0009E4DB /* MagicalRecordDeprecationMacros.h */ = {isa = PBXFileReference; fileEncoding = 4; lastKnownFileType = sourcecode.c.h; path = MagicalRecordDeprecationMacros.h; sourceTree = "<group>"; };
		8C498C951D4D459E0009E4DB /* MagicalRecordInternal.h */ = {isa = PBXFileReference; fileEncoding = 4; lastKnownFileType = sourcecode.c.h; path = MagicalRecordInternal.h; sourceTree = "<group>"; };
		8C498C961D4D459E0009E4DB /* MagicalRecordInternal.m */ = {isa = PBXFileReference; fileEncoding = 4; lastKnownFileType = sourcecode.c.objc; path = MagicalRecordInternal.m; sourceTree = "<group>"; };
		8C498C971D4D459E0009E4DB /* MagicalRecordLogging.h */ = {isa = PBXFileReference; fileEncoding = 4; lastKnownFileType = sourcecode.c.h; path = MagicalRecordLogging.h; sourceTree = "<group>"; };
		8C498C981D4D459E0009E4DB /* MagicalRecordXcode7CompatibilityMacros.h */ = {isa = PBXFileReference; fileEncoding = 4; lastKnownFileType = sourcecode.c.h; path = MagicalRecordXcode7CompatibilityMacros.h; sourceTree = "<group>"; };
		8C498C991D4D459E0009E4DB /* MagicalRecord.h */ = {isa = PBXFileReference; fileEncoding = 4; lastKnownFileType = sourcecode.c.h; path = MagicalRecord.h; sourceTree = "<group>"; };
		8C498CB51D4D4A110009E4DB /* PlayInfoEntity+CoreDataProperties.h */ = {isa = PBXFileReference; fileEncoding = 4; lastKnownFileType = sourcecode.c.h; path = "PlayInfoEntity+CoreDataProperties.h"; sourceTree = "<group>"; };
		8C498CB61D4D4A110009E4DB /* PlayInfoEntity+CoreDataProperties.m */ = {isa = PBXFileReference; fileEncoding = 4; lastKnownFileType = sourcecode.c.objc; path = "PlayInfoEntity+CoreDataProperties.m"; sourceTree = "<group>"; };
		8C498CB71D4D4A110009E4DB /* PlayInfoEntity.h */ = {isa = PBXFileReference; fileEncoding = 4; lastKnownFileType = sourcecode.c.h; path = PlayInfoEntity.h; sourceTree = "<group>"; };
		8C498CB81D4D4A110009E4DB /* PlayInfoEntity.m */ = {isa = PBXFileReference; fileEncoding = 4; lastKnownFileType = sourcecode.c.objc; path = PlayInfoEntity.m; sourceTree = "<group>"; };
/* End PBXFileReference section */

/* Begin PBXFrameworksBuildPhase section */
		8C498BD11D4D3B540009E4DB /* Frameworks */ = {
			isa = PBXFrameworksBuildPhase;
			buildActionMask = 2147483647;
			files = (
			);
			runOnlyForDeploymentPostprocessing = 0;
		};
/* End PBXFrameworksBuildPhase section */

/* Begin PBXGroup section */
		8C498BCB1D4D3B540009E4DB = {
			isa = PBXGroup;
			children = (
				8C498BD61D4D3B540009E4DB /* CoreDataTest */,
				8C498BD51D4D3B540009E4DB /* Products */,
			);
			sourceTree = "<group>";
		};
		8C498BD51D4D3B540009E4DB /* Products */ = {
			isa = PBXGroup;
			children = (
				8C498BD41D4D3B540009E4DB /* CoreDataTest.app */,
			);
			name = Products;
			sourceTree = "<group>";
		};
		8C498BD61D4D3B540009E4DB /* CoreDataTest */ = {
			isa = PBXGroup;
			children = (
				8C498C5A1D4D459E0009E4DB /* MagicalRecord */,
				8C498C4A1D4D409D0009E4DB /* Model */,
				8C498C261D4D3E810009E4DB /* JSONModel */,
				8C498C171D4D3D8E0009E4DB /* jsonData.json */,
				8C498BDA1D4D3B540009E4DB /* AppDelegate.h */,
				8C498BDB1D4D3B540009E4DB /* AppDelegate.m */,
				8C498BDD1D4D3B540009E4DB /* ViewController.h */,
				8C498BDE1D4D3B540009E4DB /* ViewController.m */,
				8C498BE01D4D3B540009E4DB /* Main.storyboard */,
				8C498CB51D4D4A110009E4DB /* PlayInfoEntity+CoreDataProperties.h */,
				8C498CB61D4D4A110009E4DB /* PlayInfoEntity+CoreDataProperties.m */,
				8C498CB71D4D4A110009E4DB /* PlayInfoEntity.h */,
				8C498CB81D4D4A110009E4DB /* PlayInfoEntity.m */,
				8C498BE61D4D3B540009E4DB /* Assets.xcassets */,
				8C498BE81D4D3B540009E4DB /* LaunchScreen.storyboard */,
				8C498BEB1D4D3B540009E4DB /* Info.plist */,
				8C498BE31D4D3B540009E4DB /* CoreDataTest.xcdatamodeld */,
				8C498BD71D4D3B540009E4DB /* Supporting Files */,
			);
			path = CoreDataTest;
			sourceTree = "<group>";
		};
		8C498BD71D4D3B540009E4DB /* Supporting Files */ = {
			isa = PBXGroup;
			children = (
				8C498BD81D4D3B540009E4DB /* main.m */,
			);
			name = "Supporting Files";
			sourceTree = "<group>";
		};
		8C498C261D4D3E810009E4DB /* JSONModel */ = {
			isa = PBXGroup;
			children = (
				8C498C271D4D3E810009E4DB /* JSONModel */,
				8C498C301D4D3E810009E4DB /* JSONModelCategories */,
				8C498C331D4D3E810009E4DB /* JSONModelLib.h */,
				8C498C341D4D3E810009E4DB /* JSONModelNetworking */,
				8C498C3B1D4D3E810009E4DB /* JSONModelTransformations */,
			);
			path = JSONModel;
			sourceTree = "<group>";
		};
		8C498C271D4D3E810009E4DB /* JSONModel */ = {
			isa = PBXGroup;
			children = (
				8C498C281D4D3E810009E4DB /* JSONModel.h */,
				8C498C291D4D3E810009E4DB /* JSONModel.m */,
				8C498C2A1D4D3E810009E4DB /* JSONModelArray.h */,
				8C498C2B1D4D3E810009E4DB /* JSONModelArray.m */,
				8C498C2C1D4D3E810009E4DB /* JSONModelClassProperty.h */,
				8C498C2D1D4D3E810009E4DB /* JSONModelClassProperty.m */,
				8C498C2E1D4D3E810009E4DB /* JSONModelError.h */,
				8C498C2F1D4D3E810009E4DB /* JSONModelError.m */,
			);
			path = JSONModel;
			sourceTree = "<group>";
		};
		8C498C301D4D3E810009E4DB /* JSONModelCategories */ = {
			isa = PBXGroup;
			children = (
				8C498C311D4D3E810009E4DB /* NSArray+JSONModel.h */,
				8C498C321D4D3E810009E4DB /* NSArray+JSONModel.m */,
			);
			path = JSONModelCategories;
			sourceTree = "<group>";
		};
		8C498C341D4D3E810009E4DB /* JSONModelNetworking */ = {
			isa = PBXGroup;
			children = (
				8C498C351D4D3E810009E4DB /* JSONAPI.h */,
				8C498C361D4D3E810009E4DB /* JSONAPI.m */,
				8C498C371D4D3E810009E4DB /* JSONHTTPClient.h */,
				8C498C381D4D3E810009E4DB /* JSONHTTPClient.m */,
				8C498C391D4D3E810009E4DB /* JSONModel+networking.h */,
				8C498C3A1D4D3E810009E4DB /* JSONModel+networking.m */,
			);
			path = JSONModelNetworking;
			sourceTree = "<group>";
		};
		8C498C3B1D4D3E810009E4DB /* JSONModelTransformations */ = {
			isa = PBXGroup;
			children = (
				8C498C3C1D4D3E810009E4DB /* JSONKeyMapper.h */,
				8C498C3D1D4D3E810009E4DB /* JSONKeyMapper.m */,
				8C498C3E1D4D3E810009E4DB /* JSONValueTransformer.h */,
				8C498C3F1D4D3E810009E4DB /* JSONValueTransformer.m */,
			);
			path = JSONModelTransformations;
			sourceTree = "<group>";
		};
		8C498C4A1D4D409D0009E4DB /* Model */ = {
			isa = PBXGroup;
			children = (
				8C498C4B1D4D409D0009E4DB /* Consumption.h */,
				8C498C4C1D4D409D0009E4DB /* Consumption.m */,
				8C498C4D1D4D409D0009E4DB /* Playinfo.h */,
				8C498C4E1D4D409D0009E4DB /* Playinfo.m */,
				8C498C4F1D4D409D0009E4DB /* Provider.h */,
				8C498C501D4D409D0009E4DB /* Provider.m */,
				8C498C571D4D43FB0009E4DB /* Author.h */,
				8C498C581D4D43FB0009E4DB /* Author.m */,
				8C498C511D4D409D0009E4DB /* VideoData.h */,
				8C498C521D4D409D0009E4DB /* VideoData.m */,
			);
			path = Model;
			sourceTree = "<group>";
		};
		8C498C5A1D4D459E0009E4DB /* MagicalRecord */ = {
			isa = PBXGroup;
			children = (
				8C498C5B1D4D459E0009E4DB /* Categories */,
				8C498C871D4D459E0009E4DB /* Core */,
				8C498C991D4D459E0009E4DB /* MagicalRecord.h */,
			);
			path = MagicalRecord;
			sourceTree = "<group>";
		};
		8C498C5B1D4D459E0009E4DB /* Categories */ = {
			isa = PBXGroup;
			children = (
				8C498C5C1D4D459E0009E4DB /* DataImport */,
				8C498C6B1D4D459E0009E4DB /* NSManagedObject */,
				8C498C761D4D459E0009E4DB /* NSManagedObjectContext */,
				8C498C811D4D459E0009E4DB /* NSManagedObjectModel+MagicalRecord.h */,
				8C498C821D4D459E0009E4DB /* NSManagedObjectModel+MagicalRecord.m */,
				8C498C831D4D459E0009E4DB /* NSPersistentStore+MagicalRecord.h */,
				8C498C841D4D459E0009E4DB /* NSPersistentStore+MagicalRecord.m */,
				8C498C851D4D459E0009E4DB /* NSPersistentStoreCoordinator+MagicalRecord.h */,
				8C498C861D4D459E0009E4DB /* NSPersistentStoreCoordinator+MagicalRecord.m */,
			);
			path = Categories;
			sourceTree = "<group>";
		};
		8C498C5C1D4D459E0009E4DB /* DataImport */ = {
			isa = PBXGroup;
			children = (
				8C498C5D1D4D459E0009E4DB /* MagicalImportFunctions.h */,
				8C498C5E1D4D459E0009E4DB /* MagicalImportFunctions.m */,
				8C498C5F1D4D459E0009E4DB /* NSAttributeDescription+MagicalDataImport.h */,
				8C498C601D4D459E0009E4DB /* NSAttributeDescription+MagicalDataImport.m */,
				8C498C611D4D459E0009E4DB /* NSEntityDescription+MagicalDataImport.h */,
				8C498C621D4D459E0009E4DB /* NSEntityDescription+MagicalDataImport.m */,
				8C498C631D4D459E0009E4DB /* NSNumber+MagicalDataImport.h */,
				8C498C641D4D459E0009E4DB /* NSNumber+MagicalDataImport.m */,
				8C498C651D4D459E0009E4DB /* NSObject+MagicalDataImport.h */,
				8C498C661D4D459E0009E4DB /* NSObject+MagicalDataImport.m */,
				8C498C671D4D459E0009E4DB /* NSRelationshipDescription+MagicalDataImport.h */,
				8C498C681D4D459E0009E4DB /* NSRelationshipDescription+MagicalDataImport.m */,
				8C498C691D4D459E0009E4DB /* NSString+MagicalDataImport.h */,
				8C498C6A1D4D459E0009E4DB /* NSString+MagicalDataImport.m */,
			);
			path = DataImport;
			sourceTree = "<group>";
		};
		8C498C6B1D4D459E0009E4DB /* NSManagedObject */ = {
			isa = PBXGroup;
			children = (
				8C498C6C1D4D459E0009E4DB /* NSManagedObject+MagicalAggregation.h */,
				8C498C6D1D4D459E0009E4DB /* NSManagedObject+MagicalAggregation.m */,
				8C498C6E1D4D459E0009E4DB /* NSManagedObject+MagicalDataImport.h */,
				8C498C6F1D4D459E0009E4DB /* NSManagedObject+MagicalDataImport.m */,
				8C498C701D4D459E0009E4DB /* NSManagedObject+MagicalFinders.h */,
				8C498C711D4D459E0009E4DB /* NSManagedObject+MagicalFinders.m */,
				8C498C721D4D459E0009E4DB /* NSManagedObject+MagicalRecord.h */,
				8C498C731D4D459E0009E4DB /* NSManagedObject+MagicalRecord.m */,
				8C498C741D4D459E0009E4DB /* NSManagedObject+MagicalRequests.h */,
				8C498C751D4D459E0009E4DB /* NSManagedObject+MagicalRequests.m */,
			);
			path = NSManagedObject;
			sourceTree = "<group>";
		};
		8C498C761D4D459E0009E4DB /* NSManagedObjectContext */ = {
			isa = PBXGroup;
			children = (
				8C498C771D4D459E0009E4DB /* NSManagedObjectContext+MagicalChainSave.h */,
				8C498C781D4D459E0009E4DB /* NSManagedObjectContext+MagicalChainSave.m */,
				8C498C791D4D459E0009E4DB /* NSManagedObjectContext+MagicalObserving.h */,
				8C498C7A1D4D459E0009E4DB /* NSManagedObjectContext+MagicalObserving.m */,
				8C498C7B1D4D459E0009E4DB /* NSManagedObjectContext+MagicalRecord.h */,
				8C498C7C1D4D459E0009E4DB /* NSManagedObjectContext+MagicalRecord.m */,
				8C498C7D1D4D459E0009E4DB /* NSManagedObjectContext+MagicalSaves.h */,
				8C498C7E1D4D459E0009E4DB /* NSManagedObjectContext+MagicalSaves.m */,
				8C498C7F1D4D459E0009E4DB /* NSManagedObjectContext+MagicalThreading.h */,
				8C498C801D4D459E0009E4DB /* NSManagedObjectContext+MagicalThreading.m */,
			);
			path = NSManagedObjectContext;
			sourceTree = "<group>";
		};
		8C498C871D4D459E0009E4DB /* Core */ = {
			isa = PBXGroup;
			children = (
				8C498C881D4D459E0009E4DB /* MagicalRecord+Actions.h */,
				8C498C891D4D459E0009E4DB /* MagicalRecord+Actions.m */,
				8C498C8A1D4D459E0009E4DB /* MagicalRecord+ErrorHandling.h */,
				8C498C8B1D4D459E0009E4DB /* MagicalRecord+ErrorHandling.m */,
				8C498C8C1D4D459E0009E4DB /* MagicalRecord+iCloud.h */,
				8C498C8D1D4D459E0009E4DB /* MagicalRecord+iCloud.m */,
				8C498C8E1D4D459E0009E4DB /* MagicalRecord+Options.h */,
				8C498C8F1D4D459E0009E4DB /* MagicalRecord+Options.m */,
				8C498C901D4D459E0009E4DB /* MagicalRecord+Setup.h */,
				8C498C911D4D459E0009E4DB /* MagicalRecord+Setup.m */,
				8C498C921D4D459E0009E4DB /* MagicalRecord+ShorthandMethods.h */,
				8C498C931D4D459E0009E4DB /* MagicalRecord+ShorthandMethods.m */,
				8C498C941D4D459E0009E4DB /* MagicalRecordDeprecationMacros.h */,
				8C498C951D4D459E0009E4DB /* MagicalRecordInternal.h */,
				8C498C961D4D459E0009E4DB /* MagicalRecordInternal.m */,
				8C498C971D4D459E0009E4DB /* MagicalRecordLogging.h */,
				8C498C981D4D459E0009E4DB /* MagicalRecordXcode7CompatibilityMacros.h */,
			);
			path = Core;
			sourceTree = "<group>";
		};
/* End PBXGroup section */

/* Begin PBXNativeTarget section */
		8C498BD31D4D3B540009E4DB /* CoreDataTest */ = {
			isa = PBXNativeTarget;
			buildConfigurationList = 8C498BEE1D4D3B540009E4DB /* Build configuration list for PBXNativeTarget "CoreDataTest" */;
			buildPhases = (
				8C498BD01D4D3B540009E4DB /* Sources */,
				8C498BD11D4D3B540009E4DB /* Frameworks */,
				8C498BD21D4D3B540009E4DB /* Resources */,
			);
			buildRules = (
			);
			dependencies = (
			);
			name = CoreDataTest;
			productName = CoreDataTest;
			productReference = 8C498BD41D4D3B540009E4DB /* CoreDataTest.app */;
			productType = "com.apple.product-type.application";
		};
/* End PBXNativeTarget section */

/* Begin PBXProject section */
		8C498BCC1D4D3B540009E4DB /* Project object */ = {
			isa = PBXProject;
			attributes = {
				LastUpgradeCheck = 0720;
				ORGANIZATIONNAME = duck;
				TargetAttributes = {
					8C498BD31D4D3B540009E4DB = {
						CreatedOnToolsVersion = 7.2.1;
					};
				};
			};
			buildConfigurationList = 8C498BCF1D4D3B540009E4DB /* Build configuration list for PBXProject "CoreDataTest" */;
			compatibilityVersion = "Xcode 3.2";
			developmentRegion = English;
			hasScannedForEncodings = 0;
			knownRegions = (
				en,
				Base,
			);
			mainGroup = 8C498BCB1D4D3B540009E4DB;
			productRefGroup = 8C498BD51D4D3B540009E4DB /* Products */;
			projectDirPath = "";
			projectRoot = "";
			targets = (
				8C498BD31D4D3B540009E4DB /* CoreDataTest */,
			);
		};
/* End PBXProject section */

/* Begin PBXResourcesBuildPhase section */
		8C498BD21D4D3B540009E4DB /* Resources */ = {
			isa = PBXResourcesBuildPhase;
			buildActionMask = 2147483647;
			files = (
				8C498BEA1D4D3B540009E4DB /* LaunchScreen.storyboard in Resources */,
				8C498C181D4D3D8E0009E4DB /* jsonData.json in Resources */,
				8C498BE71D4D3B540009E4DB /* Assets.xcassets in Resources */,
				8C498BE21D4D3B540009E4DB /* Main.storyboard in Resources */,
			);
			runOnlyForDeploymentPostprocessing = 0;
		};
/* End PBXResourcesBuildPhase section */

/* Begin PBXSourcesBuildPhase section */
		8C498BD01D4D3B540009E4DB /* Sources */ = {
			isa = PBXSourcesBuildPhase;
			buildActionMask = 2147483647;
			files = (
				8C498C431D4D3E810009E4DB /* JSONModelError.m in Sources */,
				8C498CAD1D4D459E0009E4DB /* NSPersistentStoreCoordinator+MagicalRecord.m in Sources */,
				8C498C9F1D4D459E0009E4DB /* NSRelationshipDescription+MagicalDataImport.m in Sources */,
				8C498CAB1D4D459E0009E4DB /* NSManagedObjectModel+MagicalRecord.m in Sources */,
				8C498C561D4D409D0009E4DB /* VideoData.m in Sources */,
				8C498CA91D4D459E0009E4DB /* NSManagedObjectContext+MagicalSaves.m in Sources */,
				8C498CB91D4D4A110009E4DB /* PlayInfoEntity+CoreDataProperties.m in Sources */,
				8C498CA11D4D459E0009E4DB /* NSManagedObject+MagicalAggregation.m in Sources */,
				8C498C441D4D3E810009E4DB /* NSArray+JSONModel.m in Sources */,
				8C498CAC1D4D459E0009E4DB /* NSPersistentStore+MagicalRecord.m in Sources */,
				8C498CBA1D4D4A110009E4DB /* PlayInfoEntity.m in Sources */,
				8C498C531D4D409D0009E4DB /* Consumption.m in Sources */,
				8C498C551D4D409D0009E4DB /* Provider.m in Sources */,
				8C498C9E1D4D459E0009E4DB /* NSObject+MagicalDataImport.m in Sources */,
				8C498C9A1D4D459E0009E4DB /* MagicalImportFunctions.m in Sources */,
				8C498C9B1D4D459E0009E4DB /* NSAttributeDescription+MagicalDataImport.m in Sources */,
				8C498C421D4D3E810009E4DB /* JSONModelClassProperty.m in Sources */,
				8C498C9C1D4D459E0009E4DB /* NSEntityDescription+MagicalDataImport.m in Sources */,
				8C498BE51D4D3B540009E4DB /* CoreDataTest.xcdatamodeld in Sources */,
				8C498BDF1D4D3B540009E4DB /* ViewController.m in Sources */,
				8C498C481D4D3E810009E4DB /* JSONKeyMapper.m in Sources */,
				8C498CB01D4D459E0009E4DB /* MagicalRecord+iCloud.m in Sources */,
				8C498CAE1D4D459E0009E4DB /* MagicalRecord+Actions.m in Sources */,
				8C498CA41D4D459E0009E4DB /* NSManagedObject+MagicalRecord.m in Sources */,
				8C498CB31D4D459E0009E4DB /* MagicalRecord+ShorthandMethods.m in Sources */,
				8C498CAF1D4D459E0009E4DB /* MagicalRecord+ErrorHandling.m in Sources */,
				8C498CAA1D4D459E0009E4DB /* NSManagedObjectContext+MagicalThreading.m in Sources */,
				8C498C541D4D409D0009E4DB /* Playinfo.m in Sources */,
				8C498CB41D4D459E0009E4DB /* MagicalRecordInternal.m in Sources */,
				8C498CB11D4D459E0009E4DB /* MagicalRecord+Options.m in Sources */,
				8C498CA31D4D459E0009E4DB /* NSManagedObject+MagicalFinders.m in Sources */,
				8C498CA01D4D459E0009E4DB /* NSString+MagicalDataImport.m in Sources */,
				8C498CA51D4D459E0009E4DB /* NSManagedObject+MagicalRequests.m in Sources */,
				8C498CB21D4D459E0009E4DB /* MagicalRecord+Setup.m in Sources */,
				8C498BDC1D4D3B540009E4DB /* AppDelegate.m in Sources */,
				8C498CA81D4D459E0009E4DB /* NSManagedObjectContext+MagicalRecord.m in Sources */,
				8C498C411D4D3E810009E4DB /* JSONModelArray.m in Sources */,
				8C498C591D4D43FB0009E4DB /* Author.m in Sources */,
				8C498CA71D4D459E0009E4DB /* NSManagedObjectContext+MagicalObserving.m in Sources */,
				8C498C471D4D3E810009E4DB /* JSONModel+networking.m in Sources */,
				8C498BD91D4D3B540009E4DB /* main.m in Sources */,
				8C498CA61D4D459E0009E4DB /* NSManagedObjectContext+MagicalChainSave.m in Sources */,
				8C498C9D1D4D459E0009E4DB /* NSNumber+MagicalDataImport.m in Sources */,
				8C498C451D4D3E810009E4DB /* JSONAPI.m in Sources */,
				8C498C491D4D3E810009E4DB /* JSONValueTransformer.m in Sources */,
				8C498CA21D4D459E0009E4DB /* NSManagedObject+MagicalDataImport.m in Sources */,
				8C498C461D4D3E810009E4DB /* JSONHTTPClient.m in Sources */,
				8C498C401D4D3E810009E4DB /* JSONModel.m in Sources */,
			);
			runOnlyForDeploymentPostprocessing = 0;
		};
/* End PBXSourcesBuildPhase section */

/* Begin PBXVariantGroup section */
		8C498BE01D4D3B540009E4DB /* Main.storyboard */ = {
			isa = PBXVariantGroup;
			children = (
				8C498BE11D4D3B540009E4DB /* Base */,
			);
			name = Main.storyboard;
			sourceTree = "<group>";
		};
		8C498BE81D4D3B540009E4DB /* LaunchScreen.storyboard */ = {
			isa = PBXVariantGroup;
			children = (
				8C498BE91D4D3B540009E4DB /* Base */,
			);
			name = LaunchScreen.storyboard;
			sourceTree = "<group>";
		};
/* End PBXVariantGroup section */

/* Begin XCBuildConfiguration section */
		8C498BEC1D4D3B540009E4DB /* Debug */ = {
			isa = XCBuildConfiguration;
			buildSettings = {
				ALWAYS_SEARCH_USER_PATHS = NO;
				CLANG_CXX_LANGUAGE_STANDARD = "gnu++0x";
				CLANG_CXX_LIBRARY = "libc++";
				CLANG_ENABLE_MODULES = YES;
				CLANG_ENABLE_OBJC_ARC = YES;
				CLANG_WARN_BOOL_CONVERSION = YES;
				CLANG_WARN_CONSTANT_CONVERSION = YES;
				CLANG_WARN_DIRECT_OBJC_ISA_USAGE = YES_ERROR;
				CLANG_WARN_EMPTY_BODY = YES;
				CLANG_WARN_ENUM_CONVERSION = YES;
				CLANG_WARN_INT_CONVERSION = YES;
				CLANG_WARN_OBJC_ROOT_CLASS = YES_ERROR;
				CLANG_WARN_UNREACHABLE_CODE = YES;
				CLANG_WARN__DUPLICATE_METHOD_MATCH = YES;
				"CODE_SIGN_IDENTITY[sdk=iphoneos*]" = "iPhone Developer";
				COPY_PHASE_STRIP = NO;
				DEBUG_INFORMATION_FORMAT = dwarf;
				ENABLE_STRICT_OBJC_MSGSEND = YES;
				ENABLE_TESTABILITY = YES;
				GCC_C_LANGUAGE_STANDARD = gnu99;
				GCC_DYNAMIC_NO_PIC = NO;
				GCC_NO_COMMON_BLOCKS = YES;
				GCC_OPTIMIZATION_LEVEL = 0;
				GCC_PREPROCESSOR_DEFINITIONS = (
					"DEBUG=1",
					"$(inherited)",
				);
				GCC_WARN_64_TO_32_BIT_CONVERSION = YES;
				GCC_WARN_ABOUT_RETURN_TYPE = YES_ERROR;
				GCC_WARN_UNDECLARED_SELECTOR = YES;
				GCC_WARN_UNINITIALIZED_AUTOS = YES_AGGRESSIVE;
				GCC_WARN_UNUSED_FUNCTION = YES;
				GCC_WARN_UNUSED_VARIABLE = YES;
				IPHONEOS_DEPLOYMENT_TARGET = 9.2;
				MTL_ENABLE_DEBUG_INFO = YES;
				ONLY_ACTIVE_ARCH = YES;
				SDKROOT = iphoneos;
				TARGETED_DEVICE_FAMILY = "1,2";
			};
			name = Debug;
		};
		8C498BED1D4D3B540009E4DB /* Release */ = {
			isa = XCBuildConfiguration;
			buildSettings = {
				ALWAYS_SEARCH_USER_PATHS = NO;
				CLANG_CXX_LANGUAGE_STANDARD = "gnu++0x";
				CLANG_CXX_LIBRARY = "libc++";
				CLANG_ENABLE_MODULES = YES;
				CLANG_ENABLE_OBJC_ARC = YES;
				CLANG_WARN_BOOL_CONVERSION = YES;
				CLANG_WARN_CONSTANT_CONVERSION = YES;
				CLANG_WARN_DIRECT_OBJC_ISA_USAGE = YES_ERROR;
				CLANG_WARN_EMPTY_BODY = YES;
				CLANG_WARN_ENUM_CONVERSION = YES;
				CLANG_WARN_INT_CONVERSION = YES;
				CLANG_WARN_OBJC_ROOT_CLASS = YES_ERROR;
				CLANG_WARN_UNREACHABLE_CODE = YES;
				CLANG_WARN__DUPLICATE_METHOD_MATCH = YES;
				"CODE_SIGN_IDENTITY[sdk=iphoneos*]" = "iPhone Developer";
				COPY_PHASE_STRIP = NO;
				DEBUG_INFORMATION_FORMAT = "dwarf-with-dsym";
				ENABLE_NS_ASSERTIONS = NO;
				ENABLE_STRICT_OBJC_MSGSEND = YES;
				GCC_C_LANGUAGE_STANDARD = gnu99;
				GCC_NO_COMMON_BLOCKS = YES;
				GCC_WARN_64_TO_32_BIT_CONVERSION = YES;
				GCC_WARN_ABOUT_RETURN_TYPE = YES_ERROR;
				GCC_WARN_UNDECLARED_SELECTOR = YES;
				GCC_WARN_UNINITIALIZED_AUTOS = YES_AGGRESSIVE;
				GCC_WARN_UNUSED_FUNCTION = YES;
				GCC_WARN_UNUSED_VARIABLE = YES;
				IPHONEOS_DEPLOYMENT_TARGET = 9.2;
				MTL_ENABLE_DEBUG_INFO = NO;
				SDKROOT = iphoneos;
				TARGETED_DEVICE_FAMILY = "1,2";
				VALIDATE_PRODUCT = YES;
			};
			name = Release;
		};
		8C498BEF1D4D3B540009E4DB /* Debug */ = {
			isa = XCBuildConfiguration;
			buildSettings = {
				ASSETCATALOG_COMPILER_APPICON_NAME = AppIcon;
				INFOPLIST_FILE = CoreDataTest/Info.plist;
				IPHONEOS_DEPLOYMENT_TARGET = 7.0;
				LD_RUNPATH_SEARCH_PATHS = "$(inherited) @executable_path/Frameworks";
				PRODUCT_BUNDLE_IDENTIFIER = www.duckls.com.CoreDataTest;
				PRODUCT_NAME = "$(TARGET_NAME)";
			};
			name = Debug;
		};
		8C498BF01D4D3B540009E4DB /* Release */ = {
			isa = XCBuildConfiguration;
			buildSettings = {
				ASSETCATALOG_COMPILER_APPICON_NAME = AppIcon;
				INFOPLIST_FILE = CoreDataTest/Info.plist;
				IPHONEOS_DEPLOYMENT_TARGET = 7.0;
				LD_RUNPATH_SEARCH_PATHS = "$(inherited) @executable_path/Frameworks";
				PRODUCT_BUNDLE_IDENTIFIER = www.duckls.com.CoreDataTest;
				PRODUCT_NAME = "$(TARGET_NAME)";
			};
			name = Release;
		};
/* End XCBuildConfiguration section */

/* Begin XCConfigurationList section */
		8C498BCF1D4D3B540009E4DB /* Build configuration list for PBXProject "CoreDataTest" */ = {
			isa = XCConfigurationList;
			buildConfigurations = (
				8C498BEC1D4D3B540009E4DB /* Debug */,
				8C498BED1D4D3B540009E4DB /* Release */,
			);
			defaultConfigurationIsVisible = 0;
			defaultConfigurationName = Release;
		};
		8C498BEE1D4D3B540009E4DB /* Build configuration list for PBXNativeTarget "CoreDataTest" */ = {
			isa = XCConfigurationList;
			buildConfigurations = (
				8C498BEF1D4D3B540009E4DB /* Debug */,
				8C498BF01D4D3B540009E4DB /* Release */,
			);
			defaultConfigurationIsVisible = 0;
			defaultConfigurationName = Release;
		};
/* End XCConfigurationList section */

/* Begin XCVersionGroup section */
		8C498BE31D4D3B540009E4DB /* CoreDataTest.xcdatamodeld */ = {
			isa = XCVersionGroup;
			children = (
				8C498BE41D4D3B540009E4DB /* CoreDataTest.xcdatamodel */,
			);
			currentVersion = 8C498BE41D4D3B540009E4DB /* CoreDataTest.xcdatamodel */;
			path = CoreDataTest.xcdatamodeld;
			sourceTree = "<group>";
			versionGroupType = wrapper.xcdatamodel;
		};
/* End XCVersionGroup section */
	};
	rootObject = 8C498BCC1D4D3B540009E4DB /* Project object */;
}
